// !$*UTF8*$!
{
	archiveVersion = 1;
	classes = {
	};
	objectVersion = 56;
	objects = {

/* Begin PBXBuildFile section */
		182A12F82B8F355800535F19 /* LoadVC.swift in Sources */ = {isa = PBXBuildFile; fileRef = 182A12F72B8F355800535F19 /* LoadVC.swift */; };
		182A12FA2B8F355E00535F19 /* LoadView.swift in Sources */ = {isa = PBXBuildFile; fileRef = 182A12F92B8F355E00535F19 /* LoadView.swift */; };
		182A12FD2B8F428400535F19 /* CatchBallVC.swift in Sources */ = {isa = PBXBuildFile; fileRef = 182A12FC2B8F428400535F19 /* CatchBallVC.swift */; };
		182A12FF2B8F428C00535F19 /* CatchBallScene.swift in Sources */ = {isa = PBXBuildFile; fileRef = 182A12FE2B8F428C00535F19 /* CatchBallScene.swift */; };
		182A13012B8F429900535F19 /* PlaceBallVC.swift in Sources */ = {isa = PBXBuildFile; fileRef = 182A13002B8F429900535F19 /* PlaceBallVC.swift */; };
		182A13032B8F42A000535F19 /* PlaceBallScene.swift in Sources */ = {isa = PBXBuildFile; fileRef = 182A13022B8F42A000535F19 /* PlaceBallScene.swift */; };
		186A02FD2B971E1700178AD0 /* InfoRullesVC.swift in Sources */ = {isa = PBXBuildFile; fileRef = 186A02FC2B971E1700178AD0 /* InfoRullesVC.swift */; };
		186A02FF2B971E1C00178AD0 /* InfoRullesView.swift in Sources */ = {isa = PBXBuildFile; fileRef = 186A02FE2B971E1C00178AD0 /* InfoRullesView.swift */; };
		186A03042B9886AA00178AD0 /* GetRequestService.swift in Sources */ = {isa = PBXBuildFile; fileRef = 186A03032B9886AA00178AD0 /* GetRequestService.swift */; };
		186A03062B9886B300178AD0 /* PostRequestService.swift in Sources */ = {isa = PBXBuildFile; fileRef = 186A03052B9886B300178AD0 /* PostRequestService.swift */; };
		186A03082B9886C100178AD0 /* AuthRequestService.swift in Sources */ = {isa = PBXBuildFile; fileRef = 186A03072B9886C100178AD0 /* AuthRequestService.swift */; };
		186A030A2B9886E700178AD0 /* RequestPayload.swift in Sources */ = {isa = PBXBuildFile; fileRef = 186A03092B9886E700178AD0 /* RequestPayload.swift */; };
		186A030C2B98899500178AD0 /* LeadCell.swift in Sources */ = {isa = PBXBuildFile; fileRef = 186A030B2B98899500178AD0 /* LeadCell.swift */; };
		186A030E2B98899C00178AD0 /* LeadModel.swift in Sources */ = {isa = PBXBuildFile; fileRef = 186A030D2B98899C00178AD0 /* LeadModel.swift */; };
		188755512B8630450005CC30 /* ClassicVC.swift in Sources */ = {isa = PBXBuildFile; fileRef = 188755502B8630450005CC30 /* ClassicVC.swift */; };
		188755572B8630CF0005CC30 /* ClassicScene.swift in Sources */ = {isa = PBXBuildFile; fileRef = 188755562B8630CF0005CC30 /* ClassicScene.swift */; };
		1887555A2B863C020005CC30 /* CusomButton.swift in Sources */ = {isa = PBXBuildFile; fileRef = 188755592B863C020005CC30 /* CusomButton.swift */; };
		1887555C2B8643BC0005CC30 /* CustomSKSpriteNode.swift in Sources */ = {isa = PBXBuildFile; fileRef = 1887555B2B8643BC0005CC30 /* CustomSKSpriteNode.swift */; };
		1887555E2B8644B30005CC30 /* Double+Extensions.swift in Sources */ = {isa = PBXBuildFile; fileRef = 1887555D2B8644B30005CC30 /* Double+Extensions.swift */; };
		18C6E31A2B7F55E30066BB89 /* ChoseVC.swift in Sources */ = {isa = PBXBuildFile; fileRef = 18C6E3192B7F55E30066BB89 /* ChoseVC.swift */; };
		18C6E31C2B7F55E80066BB89 /* ChoseView.swift in Sources */ = {isa = PBXBuildFile; fileRef = 18C6E31B2B7F55E80066BB89 /* ChoseView.swift */; };
		18C6E3242B7F566D0066BB89 /* ProfileVC.swift in Sources */ = {isa = PBXBuildFile; fileRef = 18C6E3232B7F566D0066BB89 /* ProfileVC.swift */; };
		18C6E3262B7F56720066BB89 /* ProfileView.swift in Sources */ = {isa = PBXBuildFile; fileRef = 18C6E3252B7F56720066BB89 /* ProfileView.swift */; };
		18C6E32C2B7F56940066BB89 /* InfoVC.swift in Sources */ = {isa = PBXBuildFile; fileRef = 18C6E32B2B7F56940066BB89 /* InfoVC.swift */; };
		18C6E32E2B7F56980066BB89 /* InfoView.swift in Sources */ = {isa = PBXBuildFile; fileRef = 18C6E32D2B7F56980066BB89 /* InfoView.swift */; };
		18C6E3302B7F56A00066BB89 /* SetupsVC.swift in Sources */ = {isa = PBXBuildFile; fileRef = 18C6E32F2B7F56A00066BB89 /* SetupsVC.swift */; };
		18C6E3322B7F56A30066BB89 /* SetupsView.swift in Sources */ = {isa = PBXBuildFile; fileRef = 18C6E3312B7F56A30066BB89 /* SetupsView.swift */; };
		18C6E3342B7F56AF0066BB89 /* BuyVC.swift in Sources */ = {isa = PBXBuildFile; fileRef = 18C6E3332B7F56AF0066BB89 /* BuyVC.swift */; };
		18C6E3362B7F56B40066BB89 /* BuyView.swift in Sources */ = {isa = PBXBuildFile; fileRef = 18C6E3352B7F56B40066BB89 /* BuyView.swift */; };
		18C6E3382B7F56BF0066BB89 /* LeaderboardVC.swift in Sources */ = {isa = PBXBuildFile; fileRef = 18C6E3372B7F56BF0066BB89 /* LeaderboardVC.swift */; };
		18C6E33A2B7F56C40066BB89 /* LeaderboardView.swift in Sources */ = {isa = PBXBuildFile; fileRef = 18C6E3392B7F56C40066BB89 /* LeaderboardView.swift */; };
		18C6E33C2B7F56CC0066BB89 /* BonusVC.swift in Sources */ = {isa = PBXBuildFile; fileRef = 18C6E33B2B7F56CC0066BB89 /* BonusVC.swift */; };
		18C6E33E2B7F56D00066BB89 /* BonusView.swift in Sources */ = {isa = PBXBuildFile; fileRef = 18C6E33D2B7F56D00066BB89 /* BonusView.swift */; };
		18C6E3412B7F58140066BB89 /* Memory.swift in Sources */ = {isa = PBXBuildFile; fileRef = 18C6E3402B7F58140066BB89 /* Memory.swift */; };
		18C6E3432B7F5AF60066BB89 /* Settings.swift in Sources */ = {isa = PBXBuildFile; fileRef = 18C6E3422B7F5AF60066BB89 /* Settings.swift */; };
		18C6E3462B7F97900066BB89 /* Lato-Regular.ttf in Resources */ = {isa = PBXBuildFile; fileRef = 18C6E3452B7F97900066BB89 /* Lato-Regular.ttf */; };
		18C6E3492B7F9DFB0066BB89 /* CircleView.swift in Sources */ = {isa = PBXBuildFile; fileRef = 18C6E3482B7F9DFB0066BB89 /* CircleView.swift */; };
		18C6E34B2B7F9E060066BB89 /* CongratilationVC.swift in Sources */ = {isa = PBXBuildFile; fileRef = 18C6E34A2B7F9E060066BB89 /* CongratilationVC.swift */; };
		18C6E34D2B7F9E0B0066BB89 /* CongratilationView.swift in Sources */ = {isa = PBXBuildFile; fileRef = 18C6E34C2B7F9E0B0066BB89 /* CongratilationView.swift */; };
		18D4011D2B7E4FDE00022B43 /* AppDelegate.swift in Sources */ = {isa = PBXBuildFile; fileRef = 18D4011C2B7E4FDE00022B43 /* AppDelegate.swift */; };
		18D4011F2B7E4FDE00022B43 /* SceneDelegate.swift in Sources */ = {isa = PBXBuildFile; fileRef = 18D4011E2B7E4FDE00022B43 /* SceneDelegate.swift */; };
		18D401262B7E4FE000022B43 /* Assets.xcassets in Resources */ = {isa = PBXBuildFile; fileRef = 18D401252B7E4FE000022B43 /* Assets.xcassets */; };
		18D401292B7E4FE000022B43 /* LaunchScreen.storyboard in Resources */ = {isa = PBXBuildFile; fileRef = 18D401272B7E4FE000022B43 /* LaunchScreen.storyboard */; };
		18D401342B7E501B00022B43 /* Lato-Black.ttf in Resources */ = {isa = PBXBuildFile; fileRef = 18D401322B7E501B00022B43 /* Lato-Black.ttf */; };
		18D401352B7E501B00022B43 /* Lato-Light.ttf in Resources */ = {isa = PBXBuildFile; fileRef = 18D401332B7E501B00022B43 /* Lato-Light.ttf */; };
		18D401382B7E503900022B43 /* SnapKit in Frameworks */ = {isa = PBXBuildFile; productRef = 18D401372B7E503900022B43 /* SnapKit */; };
		18D4013A2B7E504E00022B43 /* Montserrat-Black.ttf in Resources */ = {isa = PBXBuildFile; fileRef = 18D401392B7E504E00022B43 /* Montserrat-Black.ttf */; };
		18D401412B7E529C00022B43 /* HomeView.swift in Sources */ = {isa = PBXBuildFile; fileRef = 18D401402B7E529C00022B43 /* HomeView.swift */; };
		18D401432B7E52A600022B43 /* HomeVC.swift in Sources */ = {isa = PBXBuildFile; fileRef = 18D401422B7E52A600022B43 /* HomeVC.swift */; };
		18D401452B7E53B400022B43 /* Font + Extension.swift in Sources */ = {isa = PBXBuildFile; fileRef = 18D401442B7E53B400022B43 /* Font + Extension.swift */; };
		18D401472B7E6AAC00022B43 /* Lato-Bold.ttf in Resources */ = {isa = PBXBuildFile; fileRef = 18D401462B7E6AAC00022B43 /* Lato-Bold.ttf */; };
		18D401492B7E6ABB00022B43 /* Lato-Medium.ttf in Resources */ = {isa = PBXBuildFile; fileRef = 18D401482B7E6ABB00022B43 /* Lato-Medium.ttf */; };
		18D516E92B920A080081517B /* TotalScoreCatchVC.swift in Sources */ = {isa = PBXBuildFile; fileRef = 18D516E82B920A080081517B /* TotalScoreCatchVC.swift */; };
		18D516EB2B920A0E0081517B /* TotalScoreCatchView.swift in Sources */ = {isa = PBXBuildFile; fileRef = 18D516EA2B920A0E0081517B /* TotalScoreCatchView.swift */; };
/* End PBXBuildFile section */

/* Begin PBXFileReference section */
		182A12F72B8F355800535F19 /* LoadVC.swift */ = {isa = PBXFileReference; lastKnownFileType = sourcecode.swift; path = LoadVC.swift; sourceTree = "<group>"; };
		182A12F92B8F355E00535F19 /* LoadView.swift */ = {isa = PBXFileReference; lastKnownFileType = sourcecode.swift; path = LoadView.swift; sourceTree = "<group>"; };
		182A12FC2B8F428400535F19 /* CatchBallVC.swift */ = {isa = PBXFileReference; lastKnownFileType = sourcecode.swift; path = CatchBallVC.swift; sourceTree = "<group>"; };
		182A12FE2B8F428C00535F19 /* CatchBallScene.swift */ = {isa = PBXFileReference; lastKnownFileType = sourcecode.swift; path = CatchBallScene.swift; sourceTree = "<group>"; };
		182A13002B8F429900535F19 /* PlaceBallVC.swift */ = {isa = PBXFileReference; lastKnownFileType = sourcecode.swift; path = PlaceBallVC.swift; sourceTree = "<group>"; };
		182A13022B8F42A000535F19 /* PlaceBallScene.swift */ = {isa = PBXFileReference; lastKnownFileType = sourcecode.swift; path = PlaceBallScene.swift; sourceTree = "<group>"; };
		186A02FC2B971E1700178AD0 /* InfoRullesVC.swift */ = {isa = PBXFileReference; lastKnownFileType = sourcecode.swift; path = InfoRullesVC.swift; sourceTree = "<group>"; };
		186A02FE2B971E1C00178AD0 /* InfoRullesView.swift */ = {isa = PBXFileReference; lastKnownFileType = sourcecode.swift; path = InfoRullesView.swift; sourceTree = "<group>"; };
		186A03032B9886AA00178AD0 /* GetRequestService.swift */ = {isa = PBXFileReference; lastKnownFileType = sourcecode.swift; path = GetRequestService.swift; sourceTree = "<group>"; };
		186A03052B9886B300178AD0 /* PostRequestService.swift */ = {isa = PBXFileReference; lastKnownFileType = sourcecode.swift; path = PostRequestService.swift; sourceTree = "<group>"; };
		186A03072B9886C100178AD0 /* AuthRequestService.swift */ = {isa = PBXFileReference; lastKnownFileType = sourcecode.swift; path = AuthRequestService.swift; sourceTree = "<group>"; };
		186A03092B9886E700178AD0 /* RequestPayload.swift */ = {isa = PBXFileReference; lastKnownFileType = sourcecode.swift; path = RequestPayload.swift; sourceTree = "<group>"; };
		186A030B2B98899500178AD0 /* LeadCell.swift */ = {isa = PBXFileReference; lastKnownFileType = sourcecode.swift; path = LeadCell.swift; sourceTree = "<group>"; };
		186A030D2B98899C00178AD0 /* LeadModel.swift */ = {isa = PBXFileReference; lastKnownFileType = sourcecode.swift; path = LeadModel.swift; sourceTree = "<group>"; };
		188755502B8630450005CC30 /* ClassicVC.swift */ = {isa = PBXFileReference; lastKnownFileType = sourcecode.swift; path = ClassicVC.swift; sourceTree = "<group>"; };
		188755562B8630CF0005CC30 /* ClassicScene.swift */ = {isa = PBXFileReference; lastKnownFileType = sourcecode.swift; path = ClassicScene.swift; sourceTree = "<group>"; };
		188755592B863C020005CC30 /* CusomButton.swift */ = {isa = PBXFileReference; lastKnownFileType = sourcecode.swift; path = CusomButton.swift; sourceTree = "<group>"; };
		1887555B2B8643BC0005CC30 /* CustomSKSpriteNode.swift */ = {isa = PBXFileReference; lastKnownFileType = sourcecode.swift; path = CustomSKSpriteNode.swift; sourceTree = "<group>"; };
		1887555D2B8644B30005CC30 /* Double+Extensions.swift */ = {isa = PBXFileReference; lastKnownFileType = sourcecode.swift; path = "Double+Extensions.swift"; sourceTree = "<group>"; };
		18C6E3192B7F55E30066BB89 /* ChoseVC.swift */ = {isa = PBXFileReference; lastKnownFileType = sourcecode.swift; path = ChoseVC.swift; sourceTree = "<group>"; };
		18C6E31B2B7F55E80066BB89 /* ChoseView.swift */ = {isa = PBXFileReference; lastKnownFileType = sourcecode.swift; path = ChoseView.swift; sourceTree = "<group>"; };
		18C6E3232B7F566D0066BB89 /* ProfileVC.swift */ = {isa = PBXFileReference; lastKnownFileType = sourcecode.swift; path = ProfileVC.swift; sourceTree = "<group>"; };
		18C6E3252B7F56720066BB89 /* ProfileView.swift */ = {isa = PBXFileReference; lastKnownFileType = sourcecode.swift; path = ProfileView.swift; sourceTree = "<group>"; };
		18C6E32B2B7F56940066BB89 /* InfoVC.swift */ = {isa = PBXFileReference; lastKnownFileType = sourcecode.swift; path = InfoVC.swift; sourceTree = "<group>"; };
		18C6E32D2B7F56980066BB89 /* InfoView.swift */ = {isa = PBXFileReference; lastKnownFileType = sourcecode.swift; path = InfoView.swift; sourceTree = "<group>"; };
		18C6E32F2B7F56A00066BB89 /* SetupsVC.swift */ = {isa = PBXFileReference; lastKnownFileType = sourcecode.swift; path = SetupsVC.swift; sourceTree = "<group>"; };
		18C6E3312B7F56A30066BB89 /* SetupsView.swift */ = {isa = PBXFileReference; lastKnownFileType = sourcecode.swift; path = SetupsView.swift; sourceTree = "<group>"; };
		18C6E3332B7F56AF0066BB89 /* BuyVC.swift */ = {isa = PBXFileReference; lastKnownFileType = sourcecode.swift; path = BuyVC.swift; sourceTree = "<group>"; };
		18C6E3352B7F56B40066BB89 /* BuyView.swift */ = {isa = PBXFileReference; lastKnownFileType = sourcecode.swift; path = BuyView.swift; sourceTree = "<group>"; };
		18C6E3372B7F56BF0066BB89 /* LeaderboardVC.swift */ = {isa = PBXFileReference; lastKnownFileType = sourcecode.swift; path = LeaderboardVC.swift; sourceTree = "<group>"; };
		18C6E3392B7F56C40066BB89 /* LeaderboardView.swift */ = {isa = PBXFileReference; lastKnownFileType = sourcecode.swift; path = LeaderboardView.swift; sourceTree = "<group>"; };
		18C6E33B2B7F56CC0066BB89 /* BonusVC.swift */ = {isa = PBXFileReference; lastKnownFileType = sourcecode.swift; path = BonusVC.swift; sourceTree = "<group>"; };
		18C6E33D2B7F56D00066BB89 /* BonusView.swift */ = {isa = PBXFileReference; lastKnownFileType = sourcecode.swift; path = BonusView.swift; sourceTree = "<group>"; };
		18C6E3402B7F58140066BB89 /* Memory.swift */ = {isa = PBXFileReference; lastKnownFileType = sourcecode.swift; path = Memory.swift; sourceTree = "<group>"; };
		18C6E3422B7F5AF60066BB89 /* Settings.swift */ = {isa = PBXFileReference; lastKnownFileType = sourcecode.swift; path = Settings.swift; sourceTree = "<group>"; };
		18C6E3452B7F97900066BB89 /* Lato-Regular.ttf */ = {isa = PBXFileReference; lastKnownFileType = file; path = "Lato-Regular.ttf"; sourceTree = "<group>"; };
		18C6E3482B7F9DFB0066BB89 /* CircleView.swift */ = {isa = PBXFileReference; lastKnownFileType = sourcecode.swift; path = CircleView.swift; sourceTree = "<group>"; };
		18C6E34A2B7F9E060066BB89 /* CongratilationVC.swift */ = {isa = PBXFileReference; lastKnownFileType = sourcecode.swift; path = CongratilationVC.swift; sourceTree = "<group>"; };
		18C6E34C2B7F9E0B0066BB89 /* CongratilationView.swift */ = {isa = PBXFileReference; lastKnownFileType = sourcecode.swift; path = CongratilationView.swift; sourceTree = "<group>"; };
		18D401192B7E4FDE00022B43 /* PlinkTiger.app */ = {isa = PBXFileReference; explicitFileType = wrapper.application; includeInIndex = 0; path = PlinkTiger.app; sourceTree = BUILT_PRODUCTS_DIR; };
		18D4011C2B7E4FDE00022B43 /* AppDelegate.swift */ = {isa = PBXFileReference; lastKnownFileType = sourcecode.swift; path = AppDelegate.swift; sourceTree = "<group>"; };
		18D4011E2B7E4FDE00022B43 /* SceneDelegate.swift */ = {isa = PBXFileReference; lastKnownFileType = sourcecode.swift; path = SceneDelegate.swift; sourceTree = "<group>"; };
		18D401252B7E4FE000022B43 /* Assets.xcassets */ = {isa = PBXFileReference; lastKnownFileType = folder.assetcatalog; path = Assets.xcassets; sourceTree = "<group>"; };
		18D401282B7E4FE000022B43 /* Base */ = {isa = PBXFileReference; lastKnownFileType = file.storyboard; name = Base; path = Base.lproj/LaunchScreen.storyboard; sourceTree = "<group>"; };
		18D4012A2B7E4FE000022B43 /* Info.plist */ = {isa = PBXFileReference; lastKnownFileType = text.plist.xml; path = Info.plist; sourceTree = "<group>"; };
		18D401322B7E501B00022B43 /* Lato-Black.ttf */ = {isa = PBXFileReference; lastKnownFileType = file; path = "Lato-Black.ttf"; sourceTree = "<group>"; };
		18D401332B7E501B00022B43 /* Lato-Light.ttf */ = {isa = PBXFileReference; lastKnownFileType = file; path = "Lato-Light.ttf"; sourceTree = "<group>"; };
		18D401392B7E504E00022B43 /* Montserrat-Black.ttf */ = {isa = PBXFileReference; lastKnownFileType = file; path = "Montserrat-Black.ttf"; sourceTree = "<group>"; };
		18D401402B7E529C00022B43 /* HomeView.swift */ = {isa = PBXFileReference; lastKnownFileType = sourcecode.swift; path = HomeView.swift; sourceTree = "<group>"; };
		18D401422B7E52A600022B43 /* HomeVC.swift */ = {isa = PBXFileReference; lastKnownFileType = sourcecode.swift; path = HomeVC.swift; sourceTree = "<group>"; };
		18D401442B7E53B400022B43 /* Font + Extension.swift */ = {isa = PBXFileReference; lastKnownFileType = sourcecode.swift; path = "Font + Extension.swift"; sourceTree = "<group>"; };
		18D401462B7E6AAC00022B43 /* Lato-Bold.ttf */ = {isa = PBXFileReference; lastKnownFileType = file; path = "Lato-Bold.ttf"; sourceTree = "<group>"; };
		18D401482B7E6ABB00022B43 /* Lato-Medium.ttf */ = {isa = PBXFileReference; lastKnownFileType = file; path = "Lato-Medium.ttf"; sourceTree = "<group>"; };
		18D516E82B920A080081517B /* TotalScoreCatchVC.swift */ = {isa = PBXFileReference; lastKnownFileType = sourcecode.swift; path = TotalScoreCatchVC.swift; sourceTree = "<group>"; };
		18D516EA2B920A0E0081517B /* TotalScoreCatchView.swift */ = {isa = PBXFileReference; lastKnownFileType = sourcecode.swift; path = TotalScoreCatchView.swift; sourceTree = "<group>"; };
/* End PBXFileReference section */

/* Begin PBXFrameworksBuildPhase section */
		18D401162B7E4FDE00022B43 /* Frameworks */ = {
			isa = PBXFrameworksBuildPhase;
			buildActionMask = 2147483647;
			files = (
				18D401382B7E503900022B43 /* SnapKit in Frameworks */,
			);
			runOnlyForDeploymentPostprocessing = 0;
		};
/* End PBXFrameworksBuildPhase section */

/* Begin PBXGroup section */
		182A12F62B8F354500535F19 /* Load */ = {
			isa = PBXGroup;
			children = (
				182A12F72B8F355800535F19 /* LoadVC.swift */,
				182A12F92B8F355E00535F19 /* LoadView.swift */,
			);
			path = Load;
			sourceTree = "<group>";
		};
		186A02FB2B971DFE00178AD0 /* InfoRulles */ = {
			isa = PBXGroup;
			children = (
				186A02FC2B971E1700178AD0 /* InfoRullesVC.swift */,
				186A02FE2B971E1C00178AD0 /* InfoRullesView.swift */,
			);
			path = InfoRulles;
			sourceTree = "<group>";
		};
		186A03002B98861000178AD0 /* ServiceNet */ = {
			isa = PBXGroup;
			children = (
				186A03032B9886AA00178AD0 /* GetRequestService.swift */,
				186A03052B9886B300178AD0 /* PostRequestService.swift */,
				186A03072B9886C100178AD0 /* AuthRequestService.swift */,
				186A03092B9886E700178AD0 /* RequestPayload.swift */,
			);
			path = ServiceNet;
			sourceTree = "<group>";
		};
		188755582B863BE40005CC30 /* Buttons */ = {
			isa = PBXGroup;
			children = (
				188755592B863C020005CC30 /* CusomButton.swift */,
				1887555B2B8643BC0005CC30 /* CustomSKSpriteNode.swift */,
			);
			path = Buttons;
			sourceTree = "<group>";
		};
		18C6E3142B7F55880066BB89 /* Play */ = {
			isa = PBXGroup;
			children = (
				18C6E3182B7F55D00066BB89 /* Chose */,
			);
			path = Play;
			sourceTree = "<group>";
		};
		18C6E3152B7F55950066BB89 /* Bonus */ = {
			isa = PBXGroup;
			children = (
				18C6E33B2B7F56CC0066BB89 /* BonusVC.swift */,
				18C6E33D2B7F56D00066BB89 /* BonusView.swift */,
				18C6E3482B7F9DFB0066BB89 /* CircleView.swift */,
				18C6E3472B7F9DDD0066BB89 /* Congratilation */,
			);
			path = Bonus;
			sourceTree = "<group>";
		};
		18C6E3162B7F559D0066BB89 /* Leader */ = {
			isa = PBXGroup;
			children = (
				18C6E3372B7F56BF0066BB89 /* LeaderboardVC.swift */,
				18C6E3392B7F56C40066BB89 /* LeaderboardView.swift */,
				186A030B2B98899500178AD0 /* LeadCell.swift */,
				186A030D2B98899C00178AD0 /* LeadModel.swift */,
			);
			path = Leader;
			sourceTree = "<group>";
		};
		18C6E3172B7F55A80066BB89 /* Buy */ = {
			isa = PBXGroup;
			children = (
				18C6E3332B7F56AF0066BB89 /* BuyVC.swift */,
				18C6E3352B7F56B40066BB89 /* BuyView.swift */,
			);
			path = Buy;
			sourceTree = "<group>";
		};
		18C6E3182B7F55D00066BB89 /* Chose */ = {
			isa = PBXGroup;
			children = (
				188755582B863BE40005CC30 /* Buttons */,
				18C6E3192B7F55E30066BB89 /* ChoseVC.swift */,
				18C6E31B2B7F55E80066BB89 /* ChoseView.swift */,
				18C6E31F2B7F56090066BB89 /* Classic */,
				18C6E31E2B7F55FB0066BB89 /* Catch Ball */,
				18C6E31D2B7F55F50066BB89 /* Place Ball */,
			);
			path = Chose;
			sourceTree = "<group>";
		};
		18C6E31D2B7F55F50066BB89 /* Place Ball */ = {
			isa = PBXGroup;
			children = (
				182A13002B8F429900535F19 /* PlaceBallVC.swift */,
				182A13022B8F42A000535F19 /* PlaceBallScene.swift */,
			);
			path = "Place Ball";
			sourceTree = "<group>";
		};
		18C6E31E2B7F55FB0066BB89 /* Catch Ball */ = {
			isa = PBXGroup;
			children = (
				182A12FC2B8F428400535F19 /* CatchBallVC.swift */,
				182A12FE2B8F428C00535F19 /* CatchBallScene.swift */,
				18D516E72B9209E80081517B /* TotalScoreCatch */,
			);
			path = "Catch Ball";
			sourceTree = "<group>";
		};
		18C6E31F2B7F56090066BB89 /* Classic */ = {
			isa = PBXGroup;
			children = (
				188755502B8630450005CC30 /* ClassicVC.swift */,
				188755562B8630CF0005CC30 /* ClassicScene.swift */,
			);
			name = Classic;
			sourceTree = "<group>";
		};
		18C6E3202B7F561B0066BB89 /* Profile */ = {
			isa = PBXGroup;
			children = (
				18C6E3232B7F566D0066BB89 /* ProfileVC.swift */,
				18C6E3252B7F56720066BB89 /* ProfileView.swift */,
				18C6E3212B7F564C0066BB89 /* INFO */,
				18C6E3222B7F56520066BB89 /* SETUPS */,
			);
			path = Profile;
			sourceTree = "<group>";
		};
		18C6E3212B7F564C0066BB89 /* INFO */ = {
			isa = PBXGroup;
			children = (
				18C6E32B2B7F56940066BB89 /* InfoVC.swift */,
				18C6E32D2B7F56980066BB89 /* InfoView.swift */,
			);
			path = INFO;
			sourceTree = "<group>";
		};
		18C6E3222B7F56520066BB89 /* SETUPS */ = {
			isa = PBXGroup;
			children = (
				18C6E32F2B7F56A00066BB89 /* SetupsVC.swift */,
				18C6E3312B7F56A30066BB89 /* SetupsView.swift */,
			);
			path = SETUPS;
			sourceTree = "<group>";
		};
		18C6E33F2B7F57D20066BB89 /* Helpers */ = {
			isa = PBXGroup;
			children = (
				186A03002B98861000178AD0 /* ServiceNet */,
				18D401442B7E53B400022B43 /* Font + Extension.swift */,
				18C6E3402B7F58140066BB89 /* Memory.swift */,
				18C6E3422B7F5AF60066BB89 /* Settings.swift */,
				1887555D2B8644B30005CC30 /* Double+Extensions.swift */,
			);
			path = Helpers;
			sourceTree = "<group>";
		};
		18C6E3472B7F9DDD0066BB89 /* Congratilation */ = {
			isa = PBXGroup;
			children = (
				18C6E34A2B7F9E060066BB89 /* CongratilationVC.swift */,
				18C6E34C2B7F9E0B0066BB89 /* CongratilationView.swift */,
			);
			path = Congratilation;
			sourceTree = "<group>";
		};
		18D401102B7E4FDE00022B43 = {
			isa = PBXGroup;
			children = (
				18D4011B2B7E4FDE00022B43 /* PlinkTiger */,
				18D4011A2B7E4FDE00022B43 /* Products */,
			);
			sourceTree = "<group>";
		};
		18D4011A2B7E4FDE00022B43 /* Products */ = {
			isa = PBXGroup;
			children = (
				18D401192B7E4FDE00022B43 /* PlinkTiger.app */,
			);
			name = Products;
			sourceTree = "<group>";
		};
		18D4011B2B7E4FDE00022B43 /* PlinkTiger */ = {
			isa = PBXGroup;
			children = (
				18D4013B2B7E522700022B43 /* App */,
				18D4013C2B7E528000022B43 /* Flow */,
				18C6E33F2B7F57D20066BB89 /* Helpers */,
				18D401302B7E4FFA00022B43 /* Resourse */,
				18D4012A2B7E4FE000022B43 /* Info.plist */,
			);
			path = PlinkTiger;
			sourceTree = "<group>";
		};
		18D401302B7E4FFA00022B43 /* Resourse */ = {
			isa = PBXGroup;
			children = (
				18D401252B7E4FE000022B43 /* Assets.xcassets */,
				18D401312B7E500300022B43 /* UiFont */,
			);
			path = Resourse;
			sourceTree = "<group>";
		};
		18D401312B7E500300022B43 /* UiFont */ = {
			isa = PBXGroup;
			children = (
				18C6E3452B7F97900066BB89 /* Lato-Regular.ttf */,
				18D401482B7E6ABB00022B43 /* Lato-Medium.ttf */,
				18D401462B7E6AAC00022B43 /* Lato-Bold.ttf */,
				18D401392B7E504E00022B43 /* Montserrat-Black.ttf */,
				18D401322B7E501B00022B43 /* Lato-Black.ttf */,
				18D401332B7E501B00022B43 /* Lato-Light.ttf */,
			);
			path = UiFont;
			sourceTree = "<group>";
		};
		18D4013B2B7E522700022B43 /* App */ = {
			isa = PBXGroup;
			children = (
				18D401272B7E4FE000022B43 /* LaunchScreen.storyboard */,
				18D4011E2B7E4FDE00022B43 /* SceneDelegate.swift */,
				18D4011C2B7E4FDE00022B43 /* AppDelegate.swift */,
			);
			path = App;
			sourceTree = "<group>";
		};
		18D4013C2B7E528000022B43 /* Flow */ = {
			isa = PBXGroup;
			children = (
				182A12F62B8F354500535F19 /* Load */,
				18D4013D2B7E528A00022B43 /* Home */,
			);
			path = Flow;
			sourceTree = "<group>";
		};
		18D4013D2B7E528A00022B43 /* Home */ = {
			isa = PBXGroup;
			children = (
				18D401422B7E52A600022B43 /* HomeVC.swift */,
				18D401402B7E529C00022B43 /* HomeView.swift */,
				18C6E3142B7F55880066BB89 /* Play */,
				18C6E3152B7F55950066BB89 /* Bonus */,
				18C6E3162B7F559D0066BB89 /* Leader */,
				18C6E3172B7F55A80066BB89 /* Buy */,
				18C6E3202B7F561B0066BB89 /* Profile */,
				186A02FB2B971DFE00178AD0 /* InfoRulles */,
			);
			path = Home;
			sourceTree = "<group>";
		};
		18D516E72B9209E80081517B /* TotalScoreCatch */ = {
			isa = PBXGroup;
			children = (
				18D516E82B920A080081517B /* TotalScoreCatchVC.swift */,
				18D516EA2B920A0E0081517B /* TotalScoreCatchView.swift */,
			);
			path = TotalScoreCatch;
			sourceTree = "<group>";
		};
/* End PBXGroup section */

/* Begin PBXNativeTarget section */
		18D401182B7E4FDE00022B43 /* PlinkTiger */ = {
			isa = PBXNativeTarget;
			buildConfigurationList = 18D4012D2B7E4FE000022B43 /* Build configuration list for PBXNativeTarget "PlinkTiger" */;
			buildPhases = (
				18D401152B7E4FDE00022B43 /* Sources */,
				18D401162B7E4FDE00022B43 /* Frameworks */,
				18D401172B7E4FDE00022B43 /* Resources */,
			);
			buildRules = (
			);
			dependencies = (
			);
			name = PlinkTiger;
			packageProductDependencies = (
				18D401372B7E503900022B43 /* SnapKit */,
			);
			productName = PlinkTiger;
			productReference = 18D401192B7E4FDE00022B43 /* PlinkTiger.app */;
			productType = "com.apple.product-type.application";
		};
/* End PBXNativeTarget section */

/* Begin PBXProject section */
		18D401112B7E4FDE00022B43 /* Project object */ = {
			isa = PBXProject;
			attributes = {
				BuildIndependentTargetsInParallel = 1;
				LastSwiftUpdateCheck = 1500;
				LastUpgradeCheck = 1500;
				TargetAttributes = {
					18D401182B7E4FDE00022B43 = {
						CreatedOnToolsVersion = 15.0;
					};
				};
			};
			buildConfigurationList = 18D401142B7E4FDE00022B43 /* Build configuration list for PBXProject "PlinkTiger" */;
			compatibilityVersion = "Xcode 14.0";
			developmentRegion = en;
			hasScannedForEncodings = 0;
			knownRegions = (
				en,
				Base,
			);
			mainGroup = 18D401102B7E4FDE00022B43;
			packageReferences = (
				18D401362B7E503900022B43 /* XCRemoteSwiftPackageReference "SnapKit" */,
			);
			productRefGroup = 18D4011A2B7E4FDE00022B43 /* Products */;
			projectDirPath = "";
			projectRoot = "";
			targets = (
				18D401182B7E4FDE00022B43 /* PlinkTiger */,
			);
		};
/* End PBXProject section */

/* Begin PBXResourcesBuildPhase section */
		18D401172B7E4FDE00022B43 /* Resources */ = {
			isa = PBXResourcesBuildPhase;
			buildActionMask = 2147483647;
			files = (
				18D401352B7E501B00022B43 /* Lato-Light.ttf in Resources */,
				18D401472B7E6AAC00022B43 /* Lato-Bold.ttf in Resources */,
				18D401342B7E501B00022B43 /* Lato-Black.ttf in Resources */,
				18C6E3462B7F97900066BB89 /* Lato-Regular.ttf in Resources */,
				18D401292B7E4FE000022B43 /* LaunchScreen.storyboard in Resources */,
				18D401262B7E4FE000022B43 /* Assets.xcassets in Resources */,
				18D401492B7E6ABB00022B43 /* Lato-Medium.ttf in Resources */,
				18D4013A2B7E504E00022B43 /* Montserrat-Black.ttf in Resources */,
			);
			runOnlyForDeploymentPostprocessing = 0;
		};
/* End PBXResourcesBuildPhase section */

/* Begin PBXSourcesBuildPhase section */
		18D401152B7E4FDE00022B43 /* Sources */ = {
			isa = PBXSourcesBuildPhase;
			buildActionMask = 2147483647;
			files = (
				182A12FF2B8F428C00535F19 /* CatchBallScene.swift in Sources */,
				18D401432B7E52A600022B43 /* HomeVC.swift in Sources */,
				18C6E33E2B7F56D00066BB89 /* BonusView.swift in Sources */,
				182A12F82B8F355800535F19 /* LoadVC.swift in Sources */,
				182A12FD2B8F428400535F19 /* CatchBallVC.swift in Sources */,
				18C6E32E2B7F56980066BB89 /* InfoView.swift in Sources */,
				18C6E33C2B7F56CC0066BB89 /* BonusVC.swift in Sources */,
				18C6E34D2B7F9E0B0066BB89 /* CongratilationView.swift in Sources */,
				18C6E3262B7F56720066BB89 /* ProfileView.swift in Sources */,
				186A03082B9886C100178AD0 /* AuthRequestService.swift in Sources */,
				18D4011D2B7E4FDE00022B43 /* AppDelegate.swift in Sources */,
				18D516E92B920A080081517B /* TotalScoreCatchVC.swift in Sources */,
				1887555E2B8644B30005CC30 /* Double+Extensions.swift in Sources */,
				18C6E3492B7F9DFB0066BB89 /* CircleView.swift in Sources */,
				18D401412B7E529C00022B43 /* HomeView.swift in Sources */,
				18C6E3342B7F56AF0066BB89 /* BuyVC.swift in Sources */,
				186A02FD2B971E1700178AD0 /* InfoRullesVC.swift in Sources */,
				18C6E3412B7F58140066BB89 /* Memory.swift in Sources */,
				18C6E3322B7F56A30066BB89 /* SetupsView.swift in Sources */,
				186A030A2B9886E700178AD0 /* RequestPayload.swift in Sources */,
				186A03062B9886B300178AD0 /* PostRequestService.swift in Sources */,
				18C6E32C2B7F56940066BB89 /* InfoVC.swift in Sources */,
				18C6E33A2B7F56C40066BB89 /* LeaderboardView.swift in Sources */,
				18C6E31A2B7F55E30066BB89 /* ChoseVC.swift in Sources */,
				18C6E3242B7F566D0066BB89 /* ProfileVC.swift in Sources */,
				18C6E31C2B7F55E80066BB89 /* ChoseView.swift in Sources */,
				188755572B8630CF0005CC30 /* ClassicScene.swift in Sources */,
				18D401452B7E53B400022B43 /* Font + Extension.swift in Sources */,
				186A02FF2B971E1C00178AD0 /* InfoRullesView.swift in Sources */,
				182A12FA2B8F355E00535F19 /* LoadView.swift in Sources */,
				18C6E34B2B7F9E060066BB89 /* CongratilationVC.swift in Sources */,
				186A03042B9886AA00178AD0 /* GetRequestService.swift in Sources */,
				18C6E3382B7F56BF0066BB89 /* LeaderboardVC.swift in Sources */,
				188755512B8630450005CC30 /* ClassicVC.swift in Sources */,
				18C6E3302B7F56A00066BB89 /* SetupsVC.swift in Sources */,
				182A13032B8F42A000535F19 /* PlaceBallScene.swift in Sources */,
				18C6E3432B7F5AF60066BB89 /* Settings.swift in Sources */,
				182A13012B8F429900535F19 /* PlaceBallVC.swift in Sources */,
				18D516EB2B920A0E0081517B /* TotalScoreCatchView.swift in Sources */,
				186A030C2B98899500178AD0 /* LeadCell.swift in Sources */,
				186A030E2B98899C00178AD0 /* LeadModel.swift in Sources */,
				18C6E3362B7F56B40066BB89 /* BuyView.swift in Sources */,
				1887555C2B8643BC0005CC30 /* CustomSKSpriteNode.swift in Sources */,
				1887555A2B863C020005CC30 /* CusomButton.swift in Sources */,
				18D4011F2B7E4FDE00022B43 /* SceneDelegate.swift in Sources */,
			);
			runOnlyForDeploymentPostprocessing = 0;
		};
/* End PBXSourcesBuildPhase section */

/* Begin PBXVariantGroup section */
		18D401272B7E4FE000022B43 /* LaunchScreen.storyboard */ = {
			isa = PBXVariantGroup;
			children = (
				18D401282B7E4FE000022B43 /* Base */,
			);
			name = LaunchScreen.storyboard;
			sourceTree = "<group>";
		};
/* End PBXVariantGroup section */

/* Begin XCBuildConfiguration section */
		18D4012B2B7E4FE000022B43 /* Debug */ = {
			isa = XCBuildConfiguration;
			buildSettings = {
				ALWAYS_SEARCH_USER_PATHS = NO;
				ASSETCATALOG_COMPILER_GENERATE_SWIFT_ASSET_SYMBOL_EXTENSIONS = YES;
				CLANG_ANALYZER_NONNULL = YES;
				CLANG_ANALYZER_NUMBER_OBJECT_CONVERSION = YES_AGGRESSIVE;
				CLANG_CXX_LANGUAGE_STANDARD = "gnu++20";
				CLANG_ENABLE_MODULES = YES;
				CLANG_ENABLE_OBJC_ARC = YES;
				CLANG_ENABLE_OBJC_WEAK = YES;
				CLANG_WARN_BLOCK_CAPTURE_AUTORELEASING = YES;
				CLANG_WARN_BOOL_CONVERSION = YES;
				CLANG_WARN_COMMA = YES;
				CLANG_WARN_CONSTANT_CONVERSION = YES;
				CLANG_WARN_DEPRECATED_OBJC_IMPLEMENTATIONS = YES;
				CLANG_WARN_DIRECT_OBJC_ISA_USAGE = YES_ERROR;
				CLANG_WARN_DOCUMENTATION_COMMENTS = YES;
				CLANG_WARN_EMPTY_BODY = YES;
				CLANG_WARN_ENUM_CONVERSION = YES;
				CLANG_WARN_INFINITE_RECURSION = YES;
				CLANG_WARN_INT_CONVERSION = YES;
				CLANG_WARN_NON_LITERAL_NULL_CONVERSION = YES;
				CLANG_WARN_OBJC_IMPLICIT_RETAIN_SELF = YES;
				CLANG_WARN_OBJC_LITERAL_CONVERSION = YES;
				CLANG_WARN_OBJC_ROOT_CLASS = YES_ERROR;
				CLANG_WARN_QUOTED_INCLUDE_IN_FRAMEWORK_HEADER = YES;
				CLANG_WARN_RANGE_LOOP_ANALYSIS = YES;
				CLANG_WARN_STRICT_PROTOTYPES = YES;
				CLANG_WARN_SUSPICIOUS_MOVE = YES;
				CLANG_WARN_UNGUARDED_AVAILABILITY = YES_AGGRESSIVE;
				CLANG_WARN_UNREACHABLE_CODE = YES;
				CLANG_WARN__DUPLICATE_METHOD_MATCH = YES;
				COPY_PHASE_STRIP = NO;
				DEBUG_INFORMATION_FORMAT = dwarf;
				ENABLE_STRICT_OBJC_MSGSEND = YES;
				ENABLE_TESTABILITY = YES;
				ENABLE_USER_SCRIPT_SANDBOXING = YES;
				GCC_C_LANGUAGE_STANDARD = gnu17;
				GCC_DYNAMIC_NO_PIC = NO;
				GCC_NO_COMMON_BLOCKS = YES;
				GCC_OPTIMIZATION_LEVEL = 0;
				GCC_PREPROCESSOR_DEFINITIONS = (
					"DEBUG=1",
					"$(inherited)",
				);
				GCC_WARN_64_TO_32_BIT_CONVERSION = YES;
				GCC_WARN_ABOUT_RETURN_TYPE = YES_ERROR;
				GCC_WARN_UNDECLARED_SELECTOR = YES;
				GCC_WARN_UNINITIALIZED_AUTOS = YES_AGGRESSIVE;
				GCC_WARN_UNUSED_FUNCTION = YES;
				GCC_WARN_UNUSED_VARIABLE = YES;
				IPHONEOS_DEPLOYMENT_TARGET = 17.0;
				LOCALIZATION_PREFERS_STRING_CATALOGS = YES;
				MTL_ENABLE_DEBUG_INFO = INCLUDE_SOURCE;
				MTL_FAST_MATH = YES;
				ONLY_ACTIVE_ARCH = YES;
				SDKROOT = iphoneos;
				SWIFT_ACTIVE_COMPILATION_CONDITIONS = "DEBUG $(inherited)";
				SWIFT_OPTIMIZATION_LEVEL = "-Onone";
			};
			name = Debug;
		};
		18D4012C2B7E4FE000022B43 /* Release */ = {
			isa = XCBuildConfiguration;
			buildSettings = {
				ALWAYS_SEARCH_USER_PATHS = NO;
				ASSETCATALOG_COMPILER_GENERATE_SWIFT_ASSET_SYMBOL_EXTENSIONS = YES;
				CLANG_ANALYZER_NONNULL = YES;
				CLANG_ANALYZER_NUMBER_OBJECT_CONVERSION = YES_AGGRESSIVE;
				CLANG_CXX_LANGUAGE_STANDARD = "gnu++20";
				CLANG_ENABLE_MODULES = YES;
				CLANG_ENABLE_OBJC_ARC = YES;
				CLANG_ENABLE_OBJC_WEAK = YES;
				CLANG_WARN_BLOCK_CAPTURE_AUTORELEASING = YES;
				CLANG_WARN_BOOL_CONVERSION = YES;
				CLANG_WARN_COMMA = YES;
				CLANG_WARN_CONSTANT_CONVERSION = YES;
				CLANG_WARN_DEPRECATED_OBJC_IMPLEMENTATIONS = YES;
				CLANG_WARN_DIRECT_OBJC_ISA_USAGE = YES_ERROR;
				CLANG_WARN_DOCUMENTATION_COMMENTS = YES;
				CLANG_WARN_EMPTY_BODY = YES;
				CLANG_WARN_ENUM_CONVERSION = YES;
				CLANG_WARN_INFINITE_RECURSION = YES;
				CLANG_WARN_INT_CONVERSION = YES;
				CLANG_WARN_NON_LITERAL_NULL_CONVERSION = YES;
				CLANG_WARN_OBJC_IMPLICIT_RETAIN_SELF = YES;
				CLANG_WARN_OBJC_LITERAL_CONVERSION = YES;
				CLANG_WARN_OBJC_ROOT_CLASS = YES_ERROR;
				CLANG_WARN_QUOTED_INCLUDE_IN_FRAMEWORK_HEADER = YES;
				CLANG_WARN_RANGE_LOOP_ANALYSIS = YES;
				CLANG_WARN_STRICT_PROTOTYPES = YES;
				CLANG_WARN_SUSPICIOUS_MOVE = YES;
				CLANG_WARN_UNGUARDED_AVAILABILITY = YES_AGGRESSIVE;
				CLANG_WARN_UNREACHABLE_CODE = YES;
				CLANG_WARN__DUPLICATE_METHOD_MATCH = YES;
				COPY_PHASE_STRIP = NO;
				DEBUG_INFORMATION_FORMAT = "dwarf-with-dsym";
				ENABLE_NS_ASSERTIONS = NO;
				ENABLE_STRICT_OBJC_MSGSEND = YES;
				ENABLE_USER_SCRIPT_SANDBOXING = YES;
				GCC_C_LANGUAGE_STANDARD = gnu17;
				GCC_NO_COMMON_BLOCKS = YES;
				GCC_WARN_64_TO_32_BIT_CONVERSION = YES;
				GCC_WARN_ABOUT_RETURN_TYPE = YES_ERROR;
				GCC_WARN_UNDECLARED_SELECTOR = YES;
				GCC_WARN_UNINITIALIZED_AUTOS = YES_AGGRESSIVE;
				GCC_WARN_UNUSED_FUNCTION = YES;
				GCC_WARN_UNUSED_VARIABLE = YES;
				IPHONEOS_DEPLOYMENT_TARGET = 17.0;
				LOCALIZATION_PREFERS_STRING_CATALOGS = YES;
				MTL_ENABLE_DEBUG_INFO = NO;
				MTL_FAST_MATH = YES;
				SDKROOT = iphoneos;
				SWIFT_COMPILATION_MODE = wholemodule;
				VALIDATE_PRODUCT = YES;
			};
			name = Release;
		};
		18D4012E2B7E4FE000022B43 /* Debug */ = {
			isa = XCBuildConfiguration;
			buildSettings = {
				ASSETCATALOG_COMPILER_APPICON_NAME = AppIcon;
				ASSETCATALOG_COMPILER_GLOBAL_ACCENT_COLOR_NAME = AccentColor;
				CODE_SIGN_STYLE = Automatic;
				CURRENT_PROJECT_VERSION = 1;
				DEVELOPMENT_TEAM = A99UP8D8R8;
				GENERATE_INFOPLIST_FILE = YES;
				INFOPLIST_FILE = PlinkTiger/Info.plist;
				INFOPLIST_KEY_UIApplicationSupportsIndirectInputEvents = YES;
				INFOPLIST_KEY_UILaunchStoryboardName = LaunchScreen;
				INFOPLIST_KEY_UISupportedInterfaceOrientations_iPad = "UIInterfaceOrientationPortrait UIInterfaceOrientationPortraitUpsideDown UIInterfaceOrientationLandscapeLeft UIInterfaceOrientationLandscapeRight";
				INFOPLIST_KEY_UISupportedInterfaceOrientations_iPhone = "UIInterfaceOrientationPortrait UIInterfaceOrientationLandscapeLeft UIInterfaceOrientationLandscapeRight";
				IPHONEOS_DEPLOYMENT_TARGET = 15.0;
				LD_RUNPATH_SEARCH_PATHS = (
					"$(inherited)",
					"@executable_path/Frameworks",
				);
				MARKETING_VERSION = 1.0;
				PRODUCT_BUNDLE_IDENTIFIER = tsarevichD.PlinkTiger;
				PRODUCT_NAME = "$(TARGET_NAME)";
				SUPPORTED_PLATFORMS = "iphoneos iphonesimulator";
				SUPPORTS_MACCATALYST = NO;
				SWIFT_EMIT_LOC_STRINGS = YES;
				SWIFT_VERSION = 5.0;
				TARGETED_DEVICE_FAMILY = 1;
			};
			name = Debug;
		};
		18D4012F2B7E4FE000022B43 /* Release */ = {
			isa = XCBuildConfiguration;
			buildSettings = {
				ASSETCATALOG_COMPILER_APPICON_NAME = AppIcon;
				ASSETCATALOG_COMPILER_GLOBAL_ACCENT_COLOR_NAME = AccentColor;
				CODE_SIGN_STYLE = Automatic;
				CURRENT_PROJECT_VERSION = 1;
				DEVELOPMENT_TEAM = A99UP8D8R8;
				GENERATE_INFOPLIST_FILE = YES;
				INFOPLIST_FILE = PlinkTiger/Info.plist;
				INFOPLIST_KEY_UIApplicationSupportsIndirectInputEvents = YES;
				INFOPLIST_KEY_UILaunchStoryboardName = LaunchScreen;
				INFOPLIST_KEY_UISupportedInterfaceOrientations_iPad = "UIInterfaceOrientationPortrait UIInterfaceOrientationPortraitUpsideDown UIInterfaceOrientationLandscapeLeft UIInterfaceOrientationLandscapeRight";
				INFOPLIST_KEY_UISupportedInterfaceOrientations_iPhone = "UIInterfaceOrientationPortrait UIInterfaceOrientationLandscapeLeft UIInterfaceOrientationLandscapeRight";
				IPHONEOS_DEPLOYMENT_TARGET = 15.0;
				LD_RUNPATH_SEARCH_PATHS = (
					"$(inherited)",
					"@executable_path/Frameworks",
				);
				MARKETING_VERSION = 1.0;
				PRODUCT_BUNDLE_IDENTIFIER = tsarevichD.PlinkTiger;
				PRODUCT_NAME = "$(TARGET_NAME)";
				SUPPORTED_PLATFORMS = "iphoneos iphonesimulator";
				SUPPORTS_MACCATALYST = NO;
				SWIFT_EMIT_LOC_STRINGS = YES;
				SWIFT_VERSION = 5.0;
				TARGETED_DEVICE_FAMILY = 1;
			};
			name = Release;
		};
/* End XCBuildConfiguration section */

/* Begin XCConfigurationList section */
		18D401142B7E4FDE00022B43 /* Build configuration list for PBXProject "PlinkTiger" */ = {
			isa = XCConfigurationList;
			buildConfigurations = (
				18D4012B2B7E4FE000022B43 /* Debug */,
				18D4012C2B7E4FE000022B43 /* Release */,
			);
			defaultConfigurationIsVisible = 0;
			defaultConfigurationName = Release;
		};
		18D4012D2B7E4FE000022B43 /* Build configuration list for PBXNativeTarget "PlinkTiger" */ = {
			isa = XCConfigurationList;
			buildConfigurations = (
				18D4012E2B7E4FE000022B43 /* Debug */,
				18D4012F2B7E4FE000022B43 /* Release */,
			);
			defaultConfigurationIsVisible = 0;
			defaultConfigurationName = Release;
		};
/* End XCConfigurationList section */

/* Begin XCRemoteSwiftPackageReference section */
		18D401362B7E503900022B43 /* XCRemoteSwiftPackageReference "SnapKit" */ = {
			isa = XCRemoteSwiftPackageReference;
			repositoryURL = "https://github.com/SnapKit/SnapKit.git";
			requirement = {
				kind = upToNextMajorVersion;
				minimumVersion = 5.7.0;
			};
		};
/* End XCRemoteSwiftPackageReference section */

/* Begin XCSwiftPackageProductDependency section */
		18D401372B7E503900022B43 /* SnapKit */ = {
			isa = XCSwiftPackageProductDependency;
			package = 18D401362B7E503900022B43 /* XCRemoteSwiftPackageReference "SnapKit" */;
			productName = SnapKit;
		};
/* End XCSwiftPackageProductDependency section */
	};
	rootObject = 18D401112B7E4FDE00022B43 /* Project object */;
}
